// !$*UTF8*$!
{
	archiveVersion = 1;
	classes = {
	};
	objectVersion = 46;
	objects = {

/* Begin PBXBuildFile section */
		82CB4D2F1E1722870058F507 /* Union.h in Sources */ = {isa = PBXBuildFile; fileRef = 82CB4D2E1E170E5F0058F507 /* Union.h */; };
		82CB4D321E1722F90058F507 /* Union.h in Headers */ = {isa = PBXBuildFile; fileRef = 82CB4D2E1E170E5F0058F507 /* Union.h */; };
		82CB4D361E17E3D40058F507 /* HashTable.h in Headers */ = {isa = PBXBuildFile; fileRef = 82CB4D351E17E3D40058F507 /* HashTable.h */; };
		82CB4D3C1E1980570058F507 /* Magizoologist.h in Headers */ = {isa = PBXBuildFile; fileRef = 82CB4D3B1E1980570058F507 /* Magizoologist.h */; };
		82CB4D431E1981E50058F507 /* Reserve.h in Headers */ = {isa = PBXBuildFile; fileRef = 82CB4D421E1981E50058F507 /* Reserve.h */; };
		82CB4D471E198BE40058F507 /* HashTableTest.cpp in Sources */ = {isa = PBXBuildFile; fileRef = 82CB4D371E1976930058F507 /* HashTableTest.cpp */; };
/* End PBXBuildFile section */

/* Begin PBXCopyFilesBuildPhase section */
		82CB4D221E170D400058F507 /* CopyFiles */ = {
			isa = PBXCopyFilesBuildPhase;
			buildActionMask = 2147483647;
			dstPath = /usr/share/man/man1/;
			dstSubfolderSpec = 0;
			files = (
			);
			runOnlyForDeploymentPostprocessing = 1;
		};
/* End PBXCopyFilesBuildPhase section */

/* Begin PBXFileReference section */
		82CB4D241E170D400058F507 /* DSWet2 */ = {isa = PBXFileReference; explicitFileType = "compiled.mach-o.executable"; includeInIndex = 0; path = DSWet2; sourceTree = BUILT_PRODUCTS_DIR; };
		82CB4D271E170D400058F507 /* main.cpp */ = {isa = PBXFileReference; lastKnownFileType = sourcecode.cpp.cpp; path = main.cpp; sourceTree = "<group>"; };
		82CB4D2E1E170E5F0058F507 /* Union.h */ = {isa = PBXFileReference; fileEncoding = 4; lastKnownFileType = sourcecode.c.h; path = Union.h; sourceTree = "<group>"; };
		82CB4D331E1733F40058F507 /* UnionTest.cpp */ = {isa = PBXFileReference; fileEncoding = 4; lastKnownFileType = sourcecode.cpp.cpp; path = UnionTest.cpp; sourceTree = "<group>"; };
		82CB4D351E17E3D40058F507 /* HashTable.h */ = {isa = PBXFileReference; fileEncoding = 4; lastKnownFileType = sourcecode.c.h; path = HashTable.h; sourceTree = "<group>"; };
		82CB4D371E1976930058F507 /* HashTableTest.cpp */ = {isa = PBXFileReference; fileEncoding = 4; lastKnownFileType = sourcecode.cpp.cpp; path = HashTableTest.cpp; sourceTree = "<group>"; };
		82CB4D3B1E1980570058F507 /* Magizoologist.h */ = {isa = PBXFileReference; fileEncoding = 4; lastKnownFileType = sourcecode.c.h; path = Magizoologist.h; sourceTree = "<group>"; };
		82CB4D421E1981E50058F507 /* Reserve.h */ = {isa = PBXFileReference; fileEncoding = 4; lastKnownFileType = sourcecode.c.h; path = Reserve.h; sourceTree = "<group>"; };
/* End PBXFileReference section */

/* Begin PBXFrameworksBuildPhase section */
		82CB4D211E170D400058F507 /* Frameworks */ = {
			isa = PBXFrameworksBuildPhase;
			buildActionMask = 2147483647;
			files = (
			);
			runOnlyForDeploymentPostprocessing = 0;
		};
/* End PBXFrameworksBuildPhase section */

/* Begin PBXGroup section */
		82CB4D1B1E170D400058F507 = {
			isa = PBXGroup;
			children = (
				82CB4D261E170D400058F507 /* DSWet2 */,
				82CB4D251E170D400058F507 /* Products */,
			);
			sourceTree = "<group>";
		};
		82CB4D251E170D400058F507 /* Products */ = {
			isa = PBXGroup;
			children = (
				82CB4D241E170D400058F507 /* DSWet2 */,
			);
			name = Products;
			sourceTree = "<group>";
		};
		82CB4D261E170D400058F507 /* DSWet2 */ = {
			isa = PBXGroup;
			children = (
				82CB4D271E170D400058F507 /* main.cpp */,
				82CB4D2E1E170E5F0058F507 /* Union.h */,
				82CB4D331E1733F40058F507 /* UnionTest.cpp */,
				82CB4D351E17E3D40058F507 /* HashTable.h */,
				82CB4D371E1976930058F507 /* HashTableTest.cpp */,
				82CB4D3B1E1980570058F507 /* Magizoologist.h */,
				82CB4D421E1981E50058F507 /* Reserve.h */,
			);
			path = DSWet2;
			sourceTree = "<group>";
		};
/* End PBXGroup section */

/* Begin PBXHeadersBuildPhase section */
		82CB4D301E1722D30058F507 /* Headers */ = {
			isa = PBXHeadersBuildPhase;
			buildActionMask = 2147483647;
			files = (
				82CB4D321E1722F90058F507 /* Union.h in Headers */,
				82CB4D3C1E1980570058F507 /* Magizoologist.h in Headers */,
				82CB4D361E17E3D40058F507 /* HashTable.h in Headers */,
				82CB4D431E1981E50058F507 /* Reserve.h in Headers */,
			);
			runOnlyForDeploymentPostprocessing = 0;
		};
/* End PBXHeadersBuildPhase section */

/* Begin PBXNativeTarget section */
		82CB4D231E170D400058F507 /* DSWet2 */ = {
			isa = PBXNativeTarget;
			buildConfigurationList = 82CB4D2B1E170D400058F507 /* Build configuration list for PBXNativeTarget "DSWet2" */;
			buildPhases = (
				82CB4D201E170D400058F507 /* Sources */,
				82CB4D211E170D400058F507 /* Frameworks */,
				82CB4D221E170D400058F507 /* CopyFiles */,
				82CB4D301E1722D30058F507 /* Headers */,
			);
			buildRules = (
			);
			dependencies = (
			);
			name = DSWet2;
			productName = DSWet2;
			productReference = 82CB4D241E170D400058F507 /* DSWet2 */;
			productType = "com.apple.product-type.tool";
		};
/* End PBXNativeTarget section */

/* Begin PBXProject section */
		82CB4D1C1E170D400058F507 /* Project object */ = {
			isa = PBXProject;
			attributes = {
				LastUpgradeCheck = 0820;
				ORGANIZATIONNAME = "Ameer Amer";
				TargetAttributes = {
					82CB4D231E170D400058F507 = {
						CreatedOnToolsVersion = 8.2.1;
						DevelopmentTeam = Q39226J697;
						ProvisioningStyle = Automatic;
					};
				};
			};
			buildConfigurationList = 82CB4D1F1E170D400058F507 /* Build configuration list for PBXProject "DSWet2" */;
			compatibilityVersion = "Xcode 3.2";
			developmentRegion = English;
			hasScannedForEncodings = 0;
			knownRegions = (
				en,
			);
			mainGroup = 82CB4D1B1E170D400058F507;
			productRefGroup = 82CB4D251E170D400058F507 /* Products */;
			projectDirPath = "";
			projectRoot = "";
			targets = (
				82CB4D231E170D400058F507 /* DSWet2 */,
			);
		};
/* End PBXProject section */

/* Begin PBXSourcesBuildPhase section */
		82CB4D201E170D400058F507 /* Sources */ = {
			isa = PBXSourcesBuildPhase;
			buildActionMask = 2147483647;
			files = (
				82CB4D471E198BE40058F507 /* HashTableTest.cpp in Sources */,
				82CB4D2F1E1722870058F507 /* Union.h in Sources */,
			);
			runOnlyForDeploymentPostprocessing = 0;
		};
/* End PBXSourcesBuildPhase section */

/* Begin XCBuildConfiguration section */
		82CB4D291E170D400058F507 /* Debug */ = {
			isa = XCBuildConfiguration;
			buildSettings = {
				ALWAYS_SEARCH_USER_PATHS = NO;
				CLANG_ANALYZER_NONNULL = YES;
				CLANG_CXX_LANGUAGE_STANDARD = "gnu++0x";
				CLANG_CXX_LIBRARY = "libc++";
				CLANG_ENABLE_MODULES = YES;
				CLANG_ENABLE_OBJC_ARC = YES;
				CLANG_WARN_BOOL_CONVERSION = YES;
				CLANG_WARN_CONSTANT_CONVERSION = YES;
				CLANG_WARN_DIRECT_OBJC_ISA_USAGE = YES_ERROR;
				CLANG_WARN_DOCUMENTATION_COMMENTS = YES;
				CLANG_WARN_EMPTY_BODY = YES;
				CLANG_WARN_ENUM_CONVERSION = YES;
				CLANG_WARN_INFINITE_RECURSION = YES;
				CLANG_WARN_INT_CONVERSION = YES;
				CLANG_WARN_OBJC_ROOT_CLASS = YES_ERROR;
				CLANG_WARN_SUSPICIOUS_MOVE = YES;
				CLANG_WARN_UNREACHABLE_CODE = YES;
				CLANG_WARN__DUPLICATE_METHOD_MATCH = YES;
				CODE_SIGN_IDENTITY = "-";
				COPY_PHASE_STRIP = NO;
				DEBUG_INFORMATION_FORMAT = dwarf;
				ENABLE_STRICT_OBJC_MSGSEND = YES;
				ENABLE_TESTABILITY = YES;
				GCC_C_LANGUAGE_STANDARD = gnu99;
				GCC_DYNAMIC_NO_PIC = NO;
				GCC_NO_COMMON_BLOCKS = YES;
				GCC_OPTIMIZATION_LEVEL = 0;
				GCC_PREPROCESSOR_DEFINITIONS = (
					"DEBUG=1",
					"$(inherited)",
				);
				GCC_WARN_64_TO_32_BIT_CONVERSION = YES;
				GCC_WARN_ABOUT_RETURN_TYPE = YES_ERROR;
				GCC_WARN_UNDECLARED_SELECTOR = YES;
				GCC_WARN_UNINITIALIZED_AUTOS = YES_AGGRESSIVE;
				GCC_WARN_UNUSED_FUNCTION = YES;
				GCC_WARN_UNUSED_VARIABLE = YES;
				MACOSX_DEPLOYMENT_TARGET = 10.12;
				MTL_ENABLE_DEBUG_INFO = YES;
				ONLY_ACTIVE_ARCH = YES;
				SDKROOT = macosx;
			};
			name = Debug;
		};
		82CB4D2A1E170D400058F507 /* Release */ = {
			isa = XCBuildConfiguration;
			buildSettings = {
				ALWAYS_SEARCH_USER_PATHS = NO;
				CLANG_ANALYZER_NONNULL = YES;
				CLANG_CXX_LANGUAGE_STANDARD = "gnu++0x";
				CLANG_CXX_LIBRARY = "libc++";
				CLANG_ENABLE_MODULES = YES;
				CLANG_ENABLE_OBJC_ARC = YES;
				CLANG_WARN_BOOL_CONVERSION = YES;
				CLANG_WARN_CONSTANT_CONVERSION = YES;
				CLANG_WARN_DIRECT_OBJC_ISA_USAGE = YES_ERROR;
				CLANG_WARN_DOCUMENTATION_COMMENTS = YES;
				CLANG_WARN_EMPTY_BODY = YES;
				CLANG_WARN_ENUM_CONVERSION = YES;
				CLANG_WARN_INFINITE_RECURSION = YES;
				CLANG_WARN_INT_CONVERSION = YES;
				CLANG_WARN_OBJC_ROOT_CLASS = YES_ERROR;
				CLANG_WARN_SUSPICIOUS_MOVE = YES;
				CLANG_WARN_UNREACHABLE_CODE = YES;
				CLANG_WARN__DUPLICATE_METHOD_MATCH = YES;
				CODE_SIGN_IDENTITY = "-";
				COPY_PHASE_STRIP = NO;
				DEBUG_INFORMATION_FORMAT = "dwarf-with-dsym";
				ENABLE_NS_ASSERTIONS = NO;
				ENABLE_STRICT_OBJC_MSGSEND = YES;
				GCC_C_LANGUAGE_STANDARD = gnu99;
				GCC_NO_COMMON_BLOCKS = YES;
				GCC_WARN_64_TO_32_BIT_CONVERSION = YES;
				GCC_WARN_ABOUT_RETURN_TYPE = YES_ERROR;
				GCC_WARN_UNDECLARED_SELECTOR = YES;
				GCC_WARN_UNINITIALIZED_AUTOS = YES_AGGRESSIVE;
				GCC_WARN_UNUSED_FUNCTION = YES;
				GCC_WARN_UNUSED_VARIABLE = YES;
				MACOSX_DEPLOYMENT_TARGET = 10.12;
				MTL_ENABLE_DEBUG_INFO = NO;
				SDKROOT = macosx;
			};
			name = Release;
		};
		82CB4D2C1E170D400058F507 /* Debug */ = {
			isa = XCBuildConfiguration;
			buildSettings = {
				DEVELOPMENT_TEAM = Q39226J697;
				PRODUCT_NAME = "$(TARGET_NAME)";
			};
			name = Debug;
		};
		82CB4D2D1E170D400058F507 /* Release */ = {
			isa = XCBuildConfiguration;
			buildSettings = {
				DEVELOPMENT_TEAM = Q39226J697;
				PRODUCT_NAME = "$(TARGET_NAME)";
			};
			name = Release;
		};
/* End XCBuildConfiguration section */

/* Begin XCConfigurationList section */
		82CB4D1F1E170D400058F507 /* Build configuration list for PBXProject "DSWet2" */ = {
			isa = XCConfigurationList;
			buildConfigurations = (
				82CB4D291E170D400058F507 /* Debug */,
				82CB4D2A1E170D400058F507 /* Release */,
			);
			defaultConfigurationIsVisible = 0;
			defaultConfigurationName = Release;
		};
		82CB4D2B1E170D400058F507 /* Build configuration list for PBXNativeTarget "DSWet2" */ = {
			isa = XCConfigurationList;
			buildConfigurations = (
				82CB4D2C1E170D400058F507 /* Debug */,
				82CB4D2D1E170D400058F507 /* Release */,
			);
			defaultConfigurationIsVisible = 0;
			defaultConfigurationName = Release;
		};
/* End XCConfigurationList section */
	};
	rootObject = 82CB4D1C1E170D400058F507 /* Project object */;
}
